{
  "name": "js",
  "lockfileVersion": 2,
  "requires": true,
  "packages": {
    "": {
      "dependencies": {
        "capstone-wasm": "^1.0.3"
      }
    },
    "node_modules/capstone-wasm": {
      "version": "1.0.3",
      "resolved": "https://registry.npmjs.org/capstone-wasm/-/capstone-wasm-1.0.3.tgz",
      "integrity": "sha512-4DCE+JsgZ2eDUUp1kDDTa6pxD4m3hY5Eh1Xl6r7XKD/g3Jxt7IOnidCJsAKXua2aTL6SAqUGsdKJ184K3rXGwA=="
    }
  },
  "dependencies": {
    "capstone-wasm": {
      "version": "1.0.3",
      "resolved": "https://registry.npmjs.org/capstone-wasm/-/capstone-wasm-1.0.3.tgz",
      "integrity": "sha512-4DCE+JsgZ2eDUUp1kDDTa6pxD4m3hY5Eh1Xl6r7XKD/g3Jxt7IOnidCJsAKXua2aTL6SAqUGsdKJ184K3rXGwA=="
    }
  }
}
